
Microsoft Visual Studio Solution File, Format Version 12.00
# Visual Studio Version 16
VisualStudioVersion = 16.0.32228.343
MinimumVisualStudioVersion = 10.0.40219.1
Project("{9A19103F-16F7-4668-BE54-9A1E7A4F7556}") = "AvaloniaTest", "AvaloniaTest\AvaloniaTest.csproj", "{B892E46A-89F0-4035-946B-7519EFE6B9A2}"
EndProject
Project("{FAE04EC0-301F-11D3-BF4B-00C04F79EFBC}") = "AvaloniaConsoleTest", "AvaloniaConsoleTest\AvaloniaConsoleTest.csproj", "{1BAEFBB4-8553-473A-84EA-8168C3BA6CF6}"
EndProject
Global
	GlobalSection(SolutionConfigurationPlatforms) = preSolution
		Debug|Any CPU = Debug|Any CPU
		Release|Any CPU = Release|Any CPU
	EndGlobalSection
	GlobalSection(ProjectConfigurationPlatforms) = postSolution
		{B892E46A-89F0-4035-946B-7519EFE6B9A2}.Debug|Any CPU.ActiveCfg = Debug|Any CPU
		{B892E46A-89F0-4035-946B-7519EFE6B9A2}.Debug|Any CPU.Build.0 = Debug|Any CPU
		{B892E46A-89F0-4035-946B-7519EFE6B9A2}.Release|Any CPU.ActiveCfg = Release|Any CPU
		{B892E46A-89F0-4035-946B-7519EFE6B9A2}.Release|Any CPU.Build.0 = Release|Any CPU
		{1BAEFBB4-8553-473A-84EA-8168C3BA6CF6}.Debug|Any CPU.ActiveCfg = Debug|Any CPU
		{1BAEFBB4-8553-473A-84EA-8168C3BA6CF6}.Debug|Any CPU.Build.0 = Debug|Any CPU
		{1BAEFBB4-8553-473A-84EA-8168C3BA6CF6}.Release|Any CPU.ActiveCfg = Release|Any CPU
		{1BAEFBB4-8553-473A-84EA-8168C3BA6CF6}.Release|Any CPU.Build.0 = Release|Any CPU
	EndGlobalSection
	GlobalSection(SolutionProperties) = preSolution
		HideSolutionNode = FALSE
	EndGlobalSection
	GlobalSection(ExtensibilityGlobals) = postSolution
		SolutionGuid = {4E192FF7-A59E-4281-BB84-29104D1A126F}
	EndGlobalSection
EndGlobal
